
Microsoft Visual Studio Solution File, Format Version 12.00
# Visual Studio Version 17
VisualStudioVersion = 17.13.35931.197 d17.13
MinimumVisualStudioVersion = 10.0.40219.1
Project("{FAE04EC0-301F-11D3-BF4B-00C04F79EFBC}") = "AuthAPI", "AuthAPI\AuthAPI.csproj", "{BEB84022-C45C-4656-8D90-09DBC6F0B06A}"
EndProject
Global
	GlobalSection(SolutionConfigurationPlatforms) = preSolution
		Debug|Any CPU = Debug|Any CPU
		Release|Any CPU = Release|Any CPU
	EndGlobalSection
	GlobalSection(ProjectConfigurationPlatforms) = postSolution
		{BEB84022-C45C-4656-8D90-09DBC6F0B06A}.Debug|Any CPU.ActiveCfg = Debug|Any CPU
		{BEB84022-C45C-4656-8D90-09DBC6F0B06A}.Debug|Any CPU.Build.0 = Debug|Any CPU
		{BEB84022-C45C-4656-8D90-09DBC6F0B06A}.Release|Any CPU.ActiveCfg = Release|Any CPU
		{BEB84022-C45C-4656-8D90-09DBC6F0B06A}.Release|Any CPU.Build.0 = Release|Any CPU
	EndGlobalSection
	GlobalSection(SolutionProperties) = preSolution
		HideSolutionNode = FALSE
	EndGlobalSection
	GlobalSection(ExtensibilityGlobals) = postSolution
		SolutionGuid = {549D3B16-501D-4F32-9838-4197B057CAEC}
	EndGlobalSection
EndGlobal
